{
  "name": "paser_prac",
  "version": "1.0.0",
  "lockfileVersion": 1,
  "requires": true,
  "dependencies": {
    "php-parser": {
      "version": "3.0.0-prerelease.1",
      "resolved": "https://registry.npmjs.org/php-parser/-/php-parser-3.0.0-prerelease.1.tgz",
      "integrity": "sha512-CNp0K+nxhc4o/0uxavGFXSXK3TxB1YgIxGwBXaCDP+UMIxuozaffWy12uKsUc/aw8uN/eLi0YRmmiG4+G5Vo7Q=="
    },
    "underscore": {
      "version": "1.9.1",
      "resolved": "https://registry.npmjs.org/underscore/-/underscore-1.9.1.tgz",
      "integrity": "sha512-5/4etnCkd9c8gwgowi5/om/mYO5ajCaOgdzj/oW+0eQV9WxKBDZw5+ycmKmeaTXjInS/W0BzpGLo2xR2aBwZdg=="
    }
  }
}
